
Microsoft Visual Studio Solution File, Format Version 11.00
# Visual Studio 2010
Project("{FAE04EC0-301F-11D3-BF4B-00C04F79EFBC}") = "Reducio", "Reducio\Reducio.csproj", "{8AF16B15-A24A-49AF-960B-6D6EFC0C30E9}"
EndProject
Project("{FAE04EC0-301F-11D3-BF4B-00C04F79EFBC}") = "TestSuite", "TestSuite\TestSuite.csproj", "{FE307AB3-AA8F-4355-9395-C0B10F859AD9}"
EndProject
Project("{FAE04EC0-301F-11D3-BF4B-00C04F79EFBC}") = "TestWeb", "TestWeb\TestWeb.csproj", "{AD42B48A-4AAE-4AEA-8442-B265CD9D95AF}"
EndProject
Global
	GlobalSection(SolutionConfigurationPlatforms) = preSolution
		Debug|Any CPU = Debug|Any CPU
		Release|Any CPU = Release|Any CPU
	EndGlobalSection
	GlobalSection(ProjectConfigurationPlatforms) = postSolution
		{8AF16B15-A24A-49AF-960B-6D6EFC0C30E9}.Debug|Any CPU.ActiveCfg = Debug|Any CPU
		{8AF16B15-A24A-49AF-960B-6D6EFC0C30E9}.Debug|Any CPU.Build.0 = Debug|Any CPU
		{8AF16B15-A24A-49AF-960B-6D6EFC0C30E9}.Release|Any CPU.ActiveCfg = Release|Any CPU
		{8AF16B15-A24A-49AF-960B-6D6EFC0C30E9}.Release|Any CPU.Build.0 = Release|Any CPU
		{FE307AB3-AA8F-4355-9395-C0B10F859AD9}.Debug|Any CPU.ActiveCfg = Debug|Any CPU
		{FE307AB3-AA8F-4355-9395-C0B10F859AD9}.Debug|Any CPU.Build.0 = Debug|Any CPU
		{FE307AB3-AA8F-4355-9395-C0B10F859AD9}.Release|Any CPU.ActiveCfg = Release|Any CPU
		{FE307AB3-AA8F-4355-9395-C0B10F859AD9}.Release|Any CPU.Build.0 = Release|Any CPU
		{AD42B48A-4AAE-4AEA-8442-B265CD9D95AF}.Debug|Any CPU.ActiveCfg = Debug|Any CPU
		{AD42B48A-4AAE-4AEA-8442-B265CD9D95AF}.Debug|Any CPU.Build.0 = Debug|Any CPU
		{AD42B48A-4AAE-4AEA-8442-B265CD9D95AF}.Release|Any CPU.ActiveCfg = Release|Any CPU
		{AD42B48A-4AAE-4AEA-8442-B265CD9D95AF}.Release|Any CPU.Build.0 = Release|Any CPU
	EndGlobalSection
	GlobalSection(SolutionProperties) = preSolution
		HideSolutionNode = FALSE
	EndGlobalSection
EndGlobal
